// !$*UTF8*$!
{
	archiveVersion = 1;
	classes = {
	};
	objectVersion = 50;
	objects = {

/* Begin PBXBuildFile section */
		668739C1218B562500A1C967 /* AppDelegate.swift in Sources */ = {isa = PBXBuildFile; fileRef = 668739C0218B562500A1C967 /* AppDelegate.swift */; };
		668739C5218B562600A1C967 /* Assets.xcassets in Resources */ = {isa = PBXBuildFile; fileRef = 668739C4218B562600A1C967 /* Assets.xcassets */; };
		668739C8218B562600A1C967 /* Main.storyboard in Resources */ = {isa = PBXBuildFile; fileRef = 668739C6218B562600A1C967 /* Main.storyboard */; };
		668739D1218B579700A1C967 /* WindowController.swift in Sources */ = {isa = PBXBuildFile; fileRef = 668739D0218B579700A1C967 /* WindowController.swift */; };
		668739D8218B595F00A1C967 /* DFRPrivate.m in Sources */ = {isa = PBXBuildFile; fileRef = 668739D7218B595F00A1C967 /* DFRPrivate.m */; };
		668739DC218B5A7800A1C967 /* DFRFoundation.framework in Frameworks */ = {isa = PBXBuildFile; fileRef = 668739DB218B5A7700A1C967 /* DFRFoundation.framework */; };
/* End PBXBuildFile section */

/* Begin PBXFileReference section */
		668739BD218B562500A1C967 /* TouchbarTimer.app */ = {isa = PBXFileReference; explicitFileType = wrapper.application; includeInIndex = 0; path = TouchbarTimer.app; sourceTree = BUILT_PRODUCTS_DIR; };
		668739C0218B562500A1C967 /* AppDelegate.swift */ = {isa = PBXFileReference; lastKnownFileType = sourcecode.swift; path = AppDelegate.swift; sourceTree = "<group>"; };
		668739C4218B562600A1C967 /* Assets.xcassets */ = {isa = PBXFileReference; lastKnownFileType = folder.assetcatalog; path = Assets.xcassets; sourceTree = "<group>"; };
		668739C7218B562600A1C967 /* Base */ = {isa = PBXFileReference; lastKnownFileType = file.storyboard; name = Base; path = Base.lproj/Main.storyboard; sourceTree = "<group>"; };
		668739C9218B562600A1C967 /* Info.plist */ = {isa = PBXFileReference; lastKnownFileType = text.plist.xml; path = Info.plist; sourceTree = "<group>"; };
		668739CA218B562600A1C967 /* TouchbarTimer.entitlements */ = {isa = PBXFileReference; lastKnownFileType = text.plist.entitlements; path = TouchbarTimer.entitlements; sourceTree = "<group>"; };
		668739D0218B579700A1C967 /* WindowController.swift */ = {isa = PBXFileReference; lastKnownFileType = sourcecode.swift; path = WindowController.swift; sourceTree = "<group>"; };
		668739D4218B593400A1C967 /* TouchbarTimer-Bridging-Header.h */ = {isa = PBXFileReference; lastKnownFileType = sourcecode.c.h; path = "TouchbarTimer-Bridging-Header.h"; sourceTree = "<group>"; };
		668739D7218B595F00A1C967 /* DFRPrivate.m */ = {isa = PBXFileReference; lastKnownFileType = sourcecode.c.objc; path = DFRPrivate.m; sourceTree = "<group>"; };
		668739D9218B59CC00A1C967 /* DFRPrivate.h */ = {isa = PBXFileReference; lastKnownFileType = sourcecode.c.h; path = DFRPrivate.h; sourceTree = "<group>"; };
		668739DB218B5A7700A1C967 /* DFRFoundation.framework */ = {isa = PBXFileReference; lastKnownFileType = wrapper.framework; name = DFRFoundation.framework; path = ../../../../System/Library/PrivateFrameworks/DFRFoundation.framework; sourceTree = "<group>"; };
/* End PBXFileReference section */

/* Begin PBXFrameworksBuildPhase section */
		668739BA218B562500A1C967 /* Frameworks */ = {
			isa = PBXFrameworksBuildPhase;
			buildActionMask = 2147483647;
			files = (
				668739DC218B5A7800A1C967 /* DFRFoundation.framework in Frameworks */,
			);
			runOnlyForDeploymentPostprocessing = 0;
		};
/* End PBXFrameworksBuildPhase section */

/* Begin PBXGroup section */
		668739B4218B562500A1C967 = {
			isa = PBXGroup;
			children = (
				668739BF218B562500A1C967 /* TouchbarTimer */,
				668739BE218B562500A1C967 /* Products */,
				668739DA218B5A7700A1C967 /* Frameworks */,
			);
			sourceTree = "<group>";
		};
		668739BE218B562500A1C967 /* Products */ = {
			isa = PBXGroup;
			children = (
				668739BD218B562500A1C967 /* TouchbarTimer.app */,
			);
			name = Products;
			sourceTree = "<group>";
		};
		668739BF218B562500A1C967 /* TouchbarTimer */ = {
			isa = PBXGroup;
			children = (
				668739C6218B562600A1C967 /* Main.storyboard */,
				668739C0218B562500A1C967 /* AppDelegate.swift */,
				668739D0218B579700A1C967 /* WindowController.swift */,
				668739D7218B595F00A1C967 /* DFRPrivate.m */,
				668739D9218B59CC00A1C967 /* DFRPrivate.h */,
				668739D4218B593400A1C967 /* TouchbarTimer-Bridging-Header.h */,
				668739CA218B562600A1C967 /* TouchbarTimer.entitlements */,
				668739C4218B562600A1C967 /* Assets.xcassets */,
				668739C9218B562600A1C967 /* Info.plist */,
			);
			path = TouchbarTimer;
			sourceTree = "<group>";
		};
		668739DA218B5A7700A1C967 /* Frameworks */ = {
			isa = PBXGroup;
			children = (
				668739DB218B5A7700A1C967 /* DFRFoundation.framework */,
			);
			name = Frameworks;
			sourceTree = "<group>";
		};
/* End PBXGroup section */

/* Begin PBXNativeTarget section */
		668739BC218B562500A1C967 /* TouchbarTimer */ = {
			isa = PBXNativeTarget;
			buildConfigurationList = 668739CD218B562600A1C967 /* Build configuration list for PBXNativeTarget "TouchbarTimer" */;
			buildPhases = (
				668739B9218B562500A1C967 /* Sources */,
				668739BA218B562500A1C967 /* Frameworks */,
				668739BB218B562500A1C967 /* Resources */,
			);
			buildRules = (
			);
			dependencies = (
			);
			name = TouchbarTimer;
			productName = TouchbarTimer;
			productReference = 668739BD218B562500A1C967 /* TouchbarTimer.app */;
			productType = "com.apple.product-type.application";
		};
/* End PBXNativeTarget section */

/* Begin PBXProject section */
		668739B5218B562500A1C967 /* Project object */ = {
			isa = PBXProject;
			attributes = {
				LastSwiftUpdateCheck = 1010;
				LastUpgradeCheck = 1010;
				ORGANIZATIONNAME = "Mikołaj Knysak";
				TargetAttributes = {
					668739BC218B562500A1C967 = {
						CreatedOnToolsVersion = 10.1;
						LastSwiftMigration = 1010;
					};
				};
			};
			buildConfigurationList = 668739B8218B562500A1C967 /* Build configuration list for PBXProject "TouchbarTimer" */;
			compatibilityVersion = "Xcode 9.3";
			developmentRegion = en;
			hasScannedForEncodings = 0;
			knownRegions = (
				en,
				Base,
			);
			mainGroup = 668739B4218B562500A1C967;
			productRefGroup = 668739BE218B562500A1C967 /* Products */;
			projectDirPath = "";
			projectRoot = "";
			targets = (
				668739BC218B562500A1C967 /* TouchbarTimer */,
			);
		};
/* End PBXProject section */

/* Begin PBXResourcesBuildPhase section */
		668739BB218B562500A1C967 /* Resources */ = {
			isa = PBXResourcesBuildPhase;
			buildActionMask = 2147483647;
			files = (
				668739C5218B562600A1C967 /* Assets.xcassets in Resources */,
				668739C8218B562600A1C967 /* Main.storyboard in Resources */,
			);
			runOnlyForDeploymentPostprocessing = 0;
		};
/* End PBXResourcesBuildPhase section */

/* Begin PBXSourcesBuildPhase section */
		668739B9218B562500A1C967 /* Sources */ = {
			isa = PBXSourcesBuildPhase;
			buildActionMask = 2147483647;
			files = (
				668739D1218B579700A1C967 /* WindowController.swift in Sources */,
				668739D8218B595F00A1C967 /* DFRPrivate.m in Sources */,
				668739C1218B562500A1C967 /* AppDelegate.swift in Sources */,
			);
			runOnlyForDeploymentPostprocessing = 0;
		};
/* End PBXSourcesBuildPhase section */

/* Begin PBXVariantGroup section */
		668739C6218B562600A1C967 /* Main.storyboard */ = {
			isa = PBXVariantGroup;
			children = (
				668739C7218B562600A1C967 /* Base */,
			);
			name = Main.storyboard;
			sourceTree = "<group>";
		};
/* End PBXVariantGroup section */

/* Begin XCBuildConfiguration section */
		668739CB218B562600A1C967 /* Debug */ = {
			isa = XCBuildConfiguration;
			buildSettings = {
				ALWAYS_SEARCH_USER_PATHS = NO;
				CLANG_ANALYZER_NONNULL = YES;
				CLANG_ANALYZER_NUMBER_OBJECT_CONVERSION = YES_AGGRESSIVE;
				CLANG_CXX_LANGUAGE_STANDARD = "gnu++14";
				CLANG_CXX_LIBRARY = "libc++";
				CLANG_ENABLE_MODULES = YES;
				CLANG_ENABLE_OBJC_ARC = YES;
				CLANG_ENABLE_OBJC_WEAK = YES;
				CLANG_WARN_BLOCK_CAPTURE_AUTORELEASING = YES;
				CLANG_WARN_BOOL_CONVERSION = YES;
				CLANG_WARN_COMMA = YES;
				CLANG_WARN_CONSTANT_CONVERSION = YES;
				CLANG_WARN_DEPRECATED_OBJC_IMPLEMENTATIONS = YES;
				CLANG_WARN_DIRECT_OBJC_ISA_USAGE = YES_ERROR;
				CLANG_WARN_DOCUMENTATION_COMMENTS = YES;
				CLANG_WARN_EMPTY_BODY = YES;
				CLANG_WARN_ENUM_CONVERSION = YES;
				CLANG_WARN_INFINITE_RECURSION = YES;
				CLANG_WARN_INT_CONVERSION = YES;
				CLANG_WARN_NON_LITERAL_NULL_CONVERSION = YES;
				CLANG_WARN_OBJC_IMPLICIT_RETAIN_SELF = YES;
				CLANG_WARN_OBJC_LITERAL_CONVERSION = YES;
				CLANG_WARN_OBJC_ROOT_CLASS = YES_ERROR;
				CLANG_WARN_RANGE_LOOP_ANALYSIS = YES;
				CLANG_WARN_STRICT_PROTOTYPES = YES;
				CLANG_WARN_SUSPICIOUS_MOVE = YES;
				CLANG_WARN_UNGUARDED_AVAILABILITY = YES_AGGRESSIVE;
				CLANG_WARN_UNREACHABLE_CODE = YES;
				CLANG_WARN__DUPLICATE_METHOD_MATCH = YES;
				CODE_SIGN_IDENTITY = "Mac Developer";
				COPY_PHASE_STRIP = NO;
				DEBUG_INFORMATION_FORMAT = dwarf;
				ENABLE_STRICT_OBJC_MSGSEND = YES;
				ENABLE_TESTABILITY = YES;
				GCC_C_LANGUAGE_STANDARD = gnu11;
				GCC_DYNAMIC_NO_PIC = NO;
				GCC_NO_COMMON_BLOCKS = YES;
				GCC_OPTIMIZATION_LEVEL = 0;
				GCC_PREPROCESSOR_DEFINITIONS = (
					"DEBUG=1",
					"$(inherited)",
				);
				GCC_WARN_64_TO_32_BIT_CONVERSION = YES;
				GCC_WARN_ABOUT_RETURN_TYPE = YES_ERROR;
				GCC_WARN_UNDECLARED_SELECTOR = YES;
				GCC_WARN_UNINITIALIZED_AUTOS = YES_AGGRESSIVE;
				GCC_WARN_UNUSED_FUNCTION = YES;
				GCC_WARN_UNUSED_VARIABLE = YES;
				MACOSX_DEPLOYMENT_TARGET = 10.14;
				MTL_ENABLE_DEBUG_INFO = INCLUDE_SOURCE;
				MTL_FAST_MATH = YES;
				ONLY_ACTIVE_ARCH = YES;
				SDKROOT = macosx;
				SWIFT_ACTIVE_COMPILATION_CONDITIONS = DEBUG;
				SWIFT_OPTIMIZATION_LEVEL = "-Onone";
			};
			name = Debug;
		};
		668739CC218B562600A1C967 /* Release */ = {
			isa = XCBuildConfiguration;
			buildSettings = {
				ALWAYS_SEARCH_USER_PATHS = NO;
				CLANG_ANALYZER_NONNULL = YES;
				CLANG_ANALYZER_NUMBER_OBJECT_CONVERSION = YES_AGGRESSIVE;
				CLANG_CXX_LANGUAGE_STANDARD = "gnu++14";
				CLANG_CXX_LIBRARY = "libc++";
				CLANG_ENABLE_MODULES = YES;
				CLANG_ENABLE_OBJC_ARC = YES;
				CLANG_ENABLE_OBJC_WEAK = YES;
				CLANG_WARN_BLOCK_CAPTURE_AUTORELEASING = YES;
				CLANG_WARN_BOOL_CONVERSION = YES;
				CLANG_WARN_COMMA = YES;
				CLANG_WARN_CONSTANT_CONVERSION = YES;
				CLANG_WARN_DEPRECATED_OBJC_IMPLEMENTATIONS = YES;
				CLANG_WARN_DIRECT_OBJC_ISA_USAGE = YES_ERROR;
				CLANG_WARN_DOCUMENTATION_COMMENTS = YES;
				CLANG_WARN_EMPTY_BODY = YES;
				CLANG_WARN_ENUM_CONVERSION = YES;
				CLANG_WARN_INFINITE_RECURSION = YES;
				CLANG_WARN_INT_CONVERSION = YES;
				CLANG_WARN_NON_LITERAL_NULL_CONVERSION = YES;
				CLANG_WARN_OBJC_IMPLICIT_RETAIN_SELF = YES;
				CLANG_WARN_OBJC_LITERAL_CONVERSION = YES;
				CLANG_WARN_OBJC_ROOT_CLASS = YES_ERROR;
				CLANG_WARN_RANGE_LOOP_ANALYSIS = YES;
				CLANG_WARN_STRICT_PROTOTYPES = YES;
				CLANG_WARN_SUSPICIOUS_MOVE = YES;
				CLANG_WARN_UNGUARDED_AVAILABILITY = YES_AGGRESSIVE;
				CLANG_WARN_UNREACHABLE_CODE = YES;
				CLANG_WARN__DUPLICATE_METHOD_MATCH = YES;
				CODE_SIGN_IDENTITY = "Mac Developer";
				COPY_PHASE_STRIP = NO;
				DEBUG_INFORMATION_FORMAT = "dwarf-with-dsym";
				ENABLE_NS_ASSERTIONS = NO;
				ENABLE_STRICT_OBJC_MSGSEND = YES;
				GCC_C_LANGUAGE_STANDARD = gnu11;
				GCC_NO_COMMON_BLOCKS = YES;
				GCC_WARN_64_TO_32_BIT_CONVERSION = YES;
				GCC_WARN_ABOUT_RETURN_TYPE = YES_ERROR;
				GCC_WARN_UNDECLARED_SELECTOR = YES;
				GCC_WARN_UNINITIALIZED_AUTOS = YES_AGGRESSIVE;
				GCC_WARN_UNUSED_FUNCTION = YES;
				GCC_WARN_UNUSED_VARIABLE = YES;
				MACOSX_DEPLOYMENT_TARGET = 10.14;
				MTL_ENABLE_DEBUG_INFO = NO;
				MTL_FAST_MATH = YES;
				SDKROOT = macosx;
				SWIFT_COMPILATION_MODE = wholemodule;
				SWIFT_OPTIMIZATION_LEVEL = "-O";
			};
			name = Release;
		};
		668739CE218B562600A1C967 /* Debug */ = {
			isa = XCBuildConfiguration;
			buildSettings = {
				ASSETCATALOG_COMPILER_APPICON_NAME = AppIcon;
				CLANG_ENABLE_MODULES = YES;
				CODE_SIGN_ENTITLEMENTS = TouchbarTimer/TouchbarTimer.entitlements;
				CODE_SIGN_IDENTITY = "Mac Developer";
				CODE_SIGN_STYLE = Automatic;
				COMBINE_HIDPI_IMAGES = YES;
				DEVELOPMENT_TEAM = E624W58B2S;
				INFOPLIST_FILE = TouchbarTimer/Info.plist;
				LD_RUNPATH_SEARCH_PATHS = (
					"$(inherited)",
					"@executable_path/../Frameworks",
				);
				MACOSX_DEPLOYMENT_TARGET = 10.14;
				PRODUCT_BUNDLE_IDENTIFIER = com.mikolajknysak.TouchbarTimer;
				PRODUCT_NAME = "$(TARGET_NAME)";
				PROVISIONING_PROFILE_SPECIFIER = "";
				SWIFT_OBJC_BRIDGING_HEADER = "TouchbarTimer/TouchbarTimer-Bridging-Header.h";
				SWIFT_OPTIMIZATION_LEVEL = "-Onone";
				SWIFT_VERSION = 4.2;
				SYSTEM_FRAMEWORK_SEARCH_PATHS = (
					"$(inherited)",
					"$(SYSTEM_LIBRARY_DIR)/PrivateFrameworks",
				);
			};
			name = Debug;
		};
		668739CF218B562600A1C967 /* Release */ = {
			isa = XCBuildConfiguration;
			buildSettings = {
				ASSETCATALOG_COMPILER_APPICON_NAME = AppIcon;
				CLANG_ENABLE_MODULES = YES;
				CODE_SIGN_ENTITLEMENTS = TouchbarTimer/TouchbarTimer.entitlements;
				CODE_SIGN_IDENTITY = "Mac Developer";
				CODE_SIGN_STYLE = Automatic;
				COMBINE_HIDPI_IMAGES = YES;
				DEVELOPMENT_TEAM = E624W58B2S;
				INFOPLIST_FILE = TouchbarTimer/Info.plist;
				LD_RUNPATH_SEARCH_PATHS = (
					"$(inherited)",
					"@executable_path/../Frameworks",
				);
				MACOSX_DEPLOYMENT_TARGET = 10.14;
				PRODUCT_BUNDLE_IDENTIFIER = com.mikolajknysak.TouchbarTimer;
				PRODUCT_NAME = "$(TARGET_NAME)";
				PROVISIONING_PROFILE_SPECIFIER = "";
				SWIFT_OBJC_BRIDGING_HEADER = "TouchbarTimer/TouchbarTimer-Bridging-Header.h";
				SWIFT_VERSION = 4.2;
				SYSTEM_FRAMEWORK_SEARCH_PATHS = (
					"$(inherited)",
					"$(SYSTEM_LIBRARY_DIR)/PrivateFrameworks",
				);
			};
			name = Release;
		};
/* End XCBuildConfiguration section */

/* Begin XCConfigurationList section */
		668739B8218B562500A1C967 /* Build configuration list for PBXProject "TouchbarTimer" */ = {
			isa = XCConfigurationList;
			buildConfigurations = (
				668739CB218B562600A1C967 /* Debug */,
				668739CC218B562600A1C967 /* Release */,
			);
			defaultConfigurationIsVisible = 0;
			defaultConfigurationName = Release;
		};
		668739CD218B562600A1C967 /* Build configuration list for PBXNativeTarget "TouchbarTimer" */ = {
			isa = XCConfigurationList;
			buildConfigurations = (
				668739CE218B562600A1C967 /* Debug */,
				668739CF218B562600A1C967 /* Release */,
			);
			defaultConfigurationIsVisible = 0;
			defaultConfigurationName = Release;
		};
/* End XCConfigurationList section */
	};
	rootObject = 668739B5218B562500A1C967 /* Project object */;
}
